
Microsoft Visual Studio Solution File, Format Version 12.00
# Visual Studio Version 17
VisualStudioVersion = 17.8.34330.188
MinimumVisualStudioVersion = 10.0.40219.1
Project("{9A19103F-16F7-4668-BE54-9A1E7A4F7556}") = "mentorship_program_tool", "mentorship_program_tool\mentorship_program_tool.csproj", "{092E4F76-27B2-48F7-BAC0-BBFE906B0247}"
EndProject
Global
	GlobalSection(SolutionConfigurationPlatforms) = preSolution
		Debug|Any CPU = Debug|Any CPU
		Release|Any CPU = Release|Any CPU
	EndGlobalSection
	GlobalSection(ProjectConfigurationPlatforms) = postSolution
		{092E4F76-27B2-48F7-BAC0-BBFE906B0247}.Debug|Any CPU.ActiveCfg = Debug|Any CPU
		{092E4F76-27B2-48F7-BAC0-BBFE906B0247}.Debug|Any CPU.Build.0 = Debug|Any CPU
		{092E4F76-27B2-48F7-BAC0-BBFE906B0247}.Release|Any CPU.ActiveCfg = Release|Any CPU
		{092E4F76-27B2-48F7-BAC0-BBFE906B0247}.Release|Any CPU.Build.0 = Release|Any CPU
	EndGlobalSection
	GlobalSection(SolutionProperties) = preSolution
		HideSolutionNode = FALSE
	EndGlobalSection
	GlobalSection(ExtensibilityGlobals) = postSolution
		SolutionGuid = {EEF39B4E-0DD0-43E9-B179-1049D1A5DD75}
	EndGlobalSection
EndGlobal
